// !$*UTF8*$!
{
	archiveVersion = 1;
	classes = {
	};
	objectVersion = 46;
	objects = {

/* Begin PBXBuildFile section */
		F1665A021A1E70AF00A1519D /* AppDelegate.m in Sources */ = {isa = PBXBuildFile; fileRef = F1665A011A1E70AF00A1519D /* AppDelegate.m */; };
		F1665A041A1E70AF00A1519D /* main.m in Sources */ = {isa = PBXBuildFile; fileRef = F1665A031A1E70AF00A1519D /* main.m */; };
		F1665A091A1E70AF00A1519D /* Images.xcassets in Resources */ = {isa = PBXBuildFile; fileRef = F1665A081A1E70AF00A1519D /* Images.xcassets */; };
		F1665A0C1A1E70AF00A1519D /* Main.storyboard in Resources */ = {isa = PBXBuildFile; fileRef = F1665A0A1A1E70AF00A1519D /* Main.storyboard */; };
		F1665A181A1E70AF00A1519D /* MentorTests.m in Sources */ = {isa = PBXBuildFile; fileRef = F1665A171A1E70AF00A1519D /* MentorTests.m */; };
		F16E7BBE1A2CFCC3009306F6 /* SDWMainViewController.m in Sources */ = {isa = PBXBuildFile; fileRef = F16E7BB81A2CFCC3009306F6 /* SDWMainViewController.m */; };
		F16E7BBF1A2CFCC3009306F6 /* NSColor+Util.m in Sources */ = {isa = PBXBuildFile; fileRef = F16E7BBB1A2CFCC3009306F6 /* NSColor+Util.m */; };
		F16E7BC01A2CFCC3009306F6 /* NSImage+HHTint.m in Sources */ = {isa = PBXBuildFile; fileRef = F16E7BBD1A2CFCC3009306F6 /* NSImage+HHTint.m */; };
		F16E7BC31A2D040C009306F6 /* SDWCodeStyleCase.m in Sources */ = {isa = PBXBuildFile; fileRef = F16E7BC21A2D040C009306F6 /* SDWCodeStyleCase.m */; };
/* End PBXBuildFile section */

/* Begin PBXContainerItemProxy section */
		F1665A121A1E70AF00A1519D /* PBXContainerItemProxy */ = {
			isa = PBXContainerItemProxy;
			containerPortal = F16659F31A1E70AF00A1519D /* Project object */;
			proxyType = 1;
			remoteGlobalIDString = F16659FA1A1E70AF00A1519D;
			remoteInfo = Mentor;
		};
/* End PBXContainerItemProxy section */

/* Begin PBXFileReference section */
		F16659FB1A1E70AF00A1519D /* File Watch.app */ = {isa = PBXFileReference; explicitFileType = wrapper.application; includeInIndex = 0; path = "File Watch.app"; sourceTree = BUILT_PRODUCTS_DIR; };
		F16659FF1A1E70AF00A1519D /* Info.plist */ = {isa = PBXFileReference; lastKnownFileType = text.plist.xml; path = Info.plist; sourceTree = "<group>"; };
		F1665A001A1E70AF00A1519D /* AppDelegate.h */ = {isa = PBXFileReference; lastKnownFileType = sourcecode.c.h; path = AppDelegate.h; sourceTree = "<group>"; };
		F1665A011A1E70AF00A1519D /* AppDelegate.m */ = {isa = PBXFileReference; lastKnownFileType = sourcecode.c.objc; path = AppDelegate.m; sourceTree = "<group>"; };
		F1665A031A1E70AF00A1519D /* main.m */ = {isa = PBXFileReference; lastKnownFileType = sourcecode.c.objc; path = main.m; sourceTree = "<group>"; };
		F1665A081A1E70AF00A1519D /* Images.xcassets */ = {isa = PBXFileReference; lastKnownFileType = folder.assetcatalog; path = Images.xcassets; sourceTree = "<group>"; };
		F1665A0B1A1E70AF00A1519D /* Base */ = {isa = PBXFileReference; lastKnownFileType = file.storyboard; name = Base; path = Base.lproj/Main.storyboard; sourceTree = "<group>"; };
		F1665A111A1E70AF00A1519D /* MentorTests.xctest */ = {isa = PBXFileReference; explicitFileType = wrapper.cfbundle; includeInIndex = 0; path = MentorTests.xctest; sourceTree = BUILT_PRODUCTS_DIR; };
		F1665A161A1E70AF00A1519D /* Info.plist */ = {isa = PBXFileReference; lastKnownFileType = text.plist.xml; path = Info.plist; sourceTree = "<group>"; };
		F1665A171A1E70AF00A1519D /* MentorTests.m */ = {isa = PBXFileReference; lastKnownFileType = sourcecode.c.objc; path = MentorTests.m; sourceTree = "<group>"; };
		F16E7BB71A2CFCC3009306F6 /* SDWMainViewController.h */ = {isa = PBXFileReference; fileEncoding = 4; lastKnownFileType = sourcecode.c.h; path = SDWMainViewController.h; sourceTree = "<group>"; };
		F16E7BB81A2CFCC3009306F6 /* SDWMainViewController.m */ = {isa = PBXFileReference; fileEncoding = 4; lastKnownFileType = sourcecode.c.objc; path = SDWMainViewController.m; sourceTree = "<group>"; };
		F16E7BBA1A2CFCC3009306F6 /* NSColor+Util.h */ = {isa = PBXFileReference; fileEncoding = 4; lastKnownFileType = sourcecode.c.h; path = "NSColor+Util.h"; sourceTree = "<group>"; };
		F16E7BBB1A2CFCC3009306F6 /* NSColor+Util.m */ = {isa = PBXFileReference; fileEncoding = 4; lastKnownFileType = sourcecode.c.objc; path = "NSColor+Util.m"; sourceTree = "<group>"; };
		F16E7BBC1A2CFCC3009306F6 /* NSImage+HHTint.h */ = {isa = PBXFileReference; fileEncoding = 4; lastKnownFileType = sourcecode.c.h; path = "NSImage+HHTint.h"; sourceTree = "<group>"; };
		F16E7BBD1A2CFCC3009306F6 /* NSImage+HHTint.m */ = {isa = PBXFileReference; fileEncoding = 4; lastKnownFileType = sourcecode.c.objc; path = "NSImage+HHTint.m"; sourceTree = "<group>"; };
		F16E7BC11A2D040C009306F6 /* SDWCodeStyleCase.h */ = {isa = PBXFileReference; fileEncoding = 4; lastKnownFileType = sourcecode.c.h; path = SDWCodeStyleCase.h; sourceTree = "<group>"; };
		F16E7BC21A2D040C009306F6 /* SDWCodeStyleCase.m */ = {isa = PBXFileReference; fileEncoding = 4; lastKnownFileType = sourcecode.c.objc; path = SDWCodeStyleCase.m; sourceTree = "<group>"; };
		F16E7BC41A2D28C3009306F6 /* Mentor.entitlements */ = {isa = PBXFileReference; lastKnownFileType = text.xml; path = Mentor.entitlements; sourceTree = "<group>"; };
/* End PBXFileReference section */

/* Begin PBXFrameworksBuildPhase section */
		F16659F81A1E70AF00A1519D /* Frameworks */ = {
			isa = PBXFrameworksBuildPhase;
			buildActionMask = 2147483647;
			files = (
			);
			runOnlyForDeploymentPostprocessing = 0;
		};
		F1665A0E1A1E70AF00A1519D /* Frameworks */ = {
			isa = PBXFrameworksBuildPhase;
			buildActionMask = 2147483647;
			files = (
			);
			runOnlyForDeploymentPostprocessing = 0;
		};
/* End PBXFrameworksBuildPhase section */

/* Begin PBXGroup section */
		F16659F21A1E70AF00A1519D = {
			isa = PBXGroup;
			children = (
				F16659FD1A1E70AF00A1519D /* Mentor */,
				F1665A141A1E70AF00A1519D /* MentorTests */,
				F16659FC1A1E70AF00A1519D /* Products */,
			);
			sourceTree = "<group>";
		};
		F16659FC1A1E70AF00A1519D /* Products */ = {
			isa = PBXGroup;
			children = (
				F16659FB1A1E70AF00A1519D /* File Watch.app */,
				F1665A111A1E70AF00A1519D /* MentorTests.xctest */,
			);
			name = Products;
			sourceTree = "<group>";
		};
		F16659FD1A1E70AF00A1519D /* Mentor */ = {
			isa = PBXGroup;
			children = (
				F16E7BC41A2D28C3009306F6 /* Mentor.entitlements */,
				F16E7BB51A2CFCC3009306F6 /* Classes */,
				F16E7BB91A2CFCC3009306F6 /* Utils */,
				F1665A001A1E70AF00A1519D /* AppDelegate.h */,
				F1665A011A1E70AF00A1519D /* AppDelegate.m */,
				F1665A081A1E70AF00A1519D /* Images.xcassets */,
				F1665A0A1A1E70AF00A1519D /* Main.storyboard */,
				F16659FE1A1E70AF00A1519D /* Supporting Files */,
			);
			path = Mentor;
			sourceTree = "<group>";
		};
		F16659FE1A1E70AF00A1519D /* Supporting Files */ = {
			isa = PBXGroup;
			children = (
				F16659FF1A1E70AF00A1519D /* Info.plist */,
				F1665A031A1E70AF00A1519D /* main.m */,
			);
			name = "Supporting Files";
			sourceTree = "<group>";
		};
		F1665A141A1E70AF00A1519D /* MentorTests */ = {
			isa = PBXGroup;
			children = (
				F1665A171A1E70AF00A1519D /* MentorTests.m */,
				F1665A151A1E70AF00A1519D /* Supporting Files */,
			);
			path = MentorTests;
			sourceTree = "<group>";
		};
		F1665A151A1E70AF00A1519D /* Supporting Files */ = {
			isa = PBXGroup;
			children = (
				F1665A161A1E70AF00A1519D /* Info.plist */,
			);
			name = "Supporting Files";
			sourceTree = "<group>";
		};
		F16E7BB51A2CFCC3009306F6 /* Classes */ = {
			isa = PBXGroup;
			children = (
				F16E7BB61A2CFCC3009306F6 /* Models */,
				F16E7BB71A2CFCC3009306F6 /* SDWMainViewController.h */,
				F16E7BB81A2CFCC3009306F6 /* SDWMainViewController.m */,
			);
			path = Classes;
			sourceTree = "<group>";
		};
		F16E7BB61A2CFCC3009306F6 /* Models */ = {
			isa = PBXGroup;
			children = (
				F16E7BC11A2D040C009306F6 /* SDWCodeStyleCase.h */,
				F16E7BC21A2D040C009306F6 /* SDWCodeStyleCase.m */,
			);
			path = Models;
			sourceTree = "<group>";
		};
		F16E7BB91A2CFCC3009306F6 /* Utils */ = {
			isa = PBXGroup;
			children = (
				F16E7BBA1A2CFCC3009306F6 /* NSColor+Util.h */,
				F16E7BBB1A2CFCC3009306F6 /* NSColor+Util.m */,
				F16E7BBC1A2CFCC3009306F6 /* NSImage+HHTint.h */,
				F16E7BBD1A2CFCC3009306F6 /* NSImage+HHTint.m */,
			);
			path = Utils;
			sourceTree = "<group>";
		};
/* End PBXGroup section */

/* Begin PBXNativeTarget section */
		F16659FA1A1E70AF00A1519D /* Mentor */ = {
			isa = PBXNativeTarget;
			buildConfigurationList = F1665A1B1A1E70AF00A1519D /* Build configuration list for PBXNativeTarget "Mentor" */;
			buildPhases = (
				F16659F71A1E70AF00A1519D /* Sources */,
				F16659F81A1E70AF00A1519D /* Frameworks */,
				F16659F91A1E70AF00A1519D /* Resources */,
			);
			buildRules = (
			);
			dependencies = (
			);
			name = Mentor;
			productName = Mentor;
			productReference = F16659FB1A1E70AF00A1519D /* File Watch.app */;
			productType = "com.apple.product-type.application";
		};
		F1665A101A1E70AF00A1519D /* MentorTests */ = {
			isa = PBXNativeTarget;
			buildConfigurationList = F1665A1E1A1E70AF00A1519D /* Build configuration list for PBXNativeTarget "MentorTests" */;
			buildPhases = (
				F1665A0D1A1E70AF00A1519D /* Sources */,
				F1665A0E1A1E70AF00A1519D /* Frameworks */,
				F1665A0F1A1E70AF00A1519D /* Resources */,
			);
			buildRules = (
			);
			dependencies = (
				F1665A131A1E70AF00A1519D /* PBXTargetDependency */,
			);
			name = MentorTests;
			productName = MentorTests;
			productReference = F1665A111A1E70AF00A1519D /* MentorTests.xctest */;
			productType = "com.apple.product-type.bundle.unit-test";
		};
/* End PBXNativeTarget section */

/* Begin PBXProject section */
		F16659F31A1E70AF00A1519D /* Project object */ = {
			isa = PBXProject;
			attributes = {
				LastUpgradeCheck = 0610;
				ORGANIZATIONNAME = SDWR;
				TargetAttributes = {
					F16659FA1A1E70AF00A1519D = {
						CreatedOnToolsVersion = 6.1;
						SystemCapabilities = {
							com.apple.Sandbox = {
								enabled = 1;
							};
						};
					};
					F1665A101A1E70AF00A1519D = {
						CreatedOnToolsVersion = 6.1;
						TestTargetID = F16659FA1A1E70AF00A1519D;
					};
				};
			};
			buildConfigurationList = F16659F61A1E70AF00A1519D /* Build configuration list for PBXProject "Mentor" */;
			compatibilityVersion = "Xcode 3.2";
			developmentRegion = English;
			hasScannedForEncodings = 0;
			knownRegions = (
				en,
				Base,
			);
			mainGroup = F16659F21A1E70AF00A1519D;
			productRefGroup = F16659FC1A1E70AF00A1519D /* Products */;
			projectDirPath = "";
			projectRoot = "";
			targets = (
				F16659FA1A1E70AF00A1519D /* Mentor */,
				F1665A101A1E70AF00A1519D /* MentorTests */,
			);
		};
/* End PBXProject section */

/* Begin PBXResourcesBuildPhase section */
		F16659F91A1E70AF00A1519D /* Resources */ = {
			isa = PBXResourcesBuildPhase;
			buildActionMask = 2147483647;
			files = (
				F1665A091A1E70AF00A1519D /* Images.xcassets in Resources */,
				F1665A0C1A1E70AF00A1519D /* Main.storyboard in Resources */,
			);
			runOnlyForDeploymentPostprocessing = 0;
		};
		F1665A0F1A1E70AF00A1519D /* Resources */ = {
			isa = PBXResourcesBuildPhase;
			buildActionMask = 2147483647;
			files = (
			);
			runOnlyForDeploymentPostprocessing = 0;
		};
/* End PBXResourcesBuildPhase section */

/* Begin PBXSourcesBuildPhase section */
		F16659F71A1E70AF00A1519D /* Sources */ = {
			isa = PBXSourcesBuildPhase;
			buildActionMask = 2147483647;
			files = (
				F16E7BBE1A2CFCC3009306F6 /* SDWMainViewController.m in Sources */,
				F1665A041A1E70AF00A1519D /* main.m in Sources */,
				F16E7BBF1A2CFCC3009306F6 /* NSColor+Util.m in Sources */,
				F16E7BC31A2D040C009306F6 /* SDWCodeStyleCase.m in Sources */,
				F16E7BC01A2CFCC3009306F6 /* NSImage+HHTint.m in Sources */,
				F1665A021A1E70AF00A1519D /* AppDelegate.m in Sources */,
			);
			runOnlyForDeploymentPostprocessing = 0;
		};
		F1665A0D1A1E70AF00A1519D /* Sources */ = {
			isa = PBXSourcesBuildPhase;
			buildActionMask = 2147483647;
			files = (
				F1665A181A1E70AF00A1519D /* MentorTests.m in Sources */,
			);
			runOnlyForDeploymentPostprocessing = 0;
		};
/* End PBXSourcesBuildPhase section */

/* Begin PBXTargetDependency section */
		F1665A131A1E70AF00A1519D /* PBXTargetDependency */ = {
			isa = PBXTargetDependency;
			target = F16659FA1A1E70AF00A1519D /* Mentor */;
			targetProxy = F1665A121A1E70AF00A1519D /* PBXContainerItemProxy */;
		};
/* End PBXTargetDependency section */

/* Begin PBXVariantGroup section */
		F1665A0A1A1E70AF00A1519D /* Main.storyboard */ = {
			isa = PBXVariantGroup;
			children = (
				F1665A0B1A1E70AF00A1519D /* Base */,
			);
			name = Main.storyboard;
			sourceTree = "<group>";
		};
/* End PBXVariantGroup section */

/* Begin XCBuildConfiguration section */
		F1665A191A1E70AF00A1519D /* Debug */ = {
			isa = XCBuildConfiguration;
			buildSettings = {
				ALWAYS_SEARCH_USER_PATHS = NO;
				CLANG_CXX_LANGUAGE_STANDARD = "gnu++0x";
				CLANG_CXX_LIBRARY = "libc++";
				CLANG_ENABLE_MODULES = YES;
				CLANG_ENABLE_OBJC_ARC = YES;
				CLANG_WARN_BOOL_CONVERSION = YES;
				CLANG_WARN_CONSTANT_CONVERSION = YES;
				CLANG_WARN_DIRECT_OBJC_ISA_USAGE = YES_ERROR;
				CLANG_WARN_EMPTY_BODY = YES;
				CLANG_WARN_ENUM_CONVERSION = YES;
				CLANG_WARN_INT_CONVERSION = YES;
				CLANG_WARN_OBJC_ROOT_CLASS = YES_ERROR;
				CLANG_WARN_UNREACHABLE_CODE = YES;
				CLANG_WARN__DUPLICATE_METHOD_MATCH = YES;
				CODE_SIGN_IDENTITY = "-";
				COPY_PHASE_STRIP = NO;
				ENABLE_STRICT_OBJC_MSGSEND = YES;
				GCC_C_LANGUAGE_STANDARD = gnu99;
				GCC_DYNAMIC_NO_PIC = NO;
				GCC_OPTIMIZATION_LEVEL = 0;
				GCC_PREPROCESSOR_DEFINITIONS = (
					"DEBUG=1",
					"$(inherited)",
				);
				GCC_SYMBOLS_PRIVATE_EXTERN = NO;
				GCC_WARN_64_TO_32_BIT_CONVERSION = YES;
				GCC_WARN_ABOUT_RETURN_TYPE = YES_ERROR;
				GCC_WARN_UNDECLARED_SELECTOR = YES;
				GCC_WARN_UNINITIALIZED_AUTOS = YES_AGGRESSIVE;
				GCC_WARN_UNUSED_FUNCTION = YES;
				GCC_WARN_UNUSED_VARIABLE = YES;
				MACOSX_DEPLOYMENT_TARGET = 10.10;
				MTL_ENABLE_DEBUG_INFO = YES;
				ONLY_ACTIVE_ARCH = YES;
				SDKROOT = macosx;
			};
			name = Debug;
		};
		F1665A1A1A1E70AF00A1519D /* Release */ = {
			isa = XCBuildConfiguration;
			buildSettings = {
				ALWAYS_SEARCH_USER_PATHS = NO;
				CLANG_CXX_LANGUAGE_STANDARD = "gnu++0x";
				CLANG_CXX_LIBRARY = "libc++";
				CLANG_ENABLE_MODULES = YES;
				CLANG_ENABLE_OBJC_ARC = YES;
				CLANG_WARN_BOOL_CONVERSION = YES;
				CLANG_WARN_CONSTANT_CONVERSION = YES;
				CLANG_WARN_DIRECT_OBJC_ISA_USAGE = YES_ERROR;
				CLANG_WARN_EMPTY_BODY = YES;
				CLANG_WARN_ENUM_CONVERSION = YES;
				CLANG_WARN_INT_CONVERSION = YES;
				CLANG_WARN_OBJC_ROOT_CLASS = YES_ERROR;
				CLANG_WARN_UNREACHABLE_CODE = YES;
				CLANG_WARN__DUPLICATE_METHOD_MATCH = YES;
				CODE_SIGN_IDENTITY = "-";
				COPY_PHASE_STRIP = YES;
				DEBUG_INFORMATION_FORMAT = "dwarf-with-dsym";
				ENABLE_NS_ASSERTIONS = NO;
				ENABLE_STRICT_OBJC_MSGSEND = YES;
				GCC_C_LANGUAGE_STANDARD = gnu99;
				GCC_WARN_64_TO_32_BIT_CONVERSION = YES;
				GCC_WARN_ABOUT_RETURN_TYPE = YES_ERROR;
				GCC_WARN_UNDECLARED_SELECTOR = YES;
				GCC_WARN_UNINITIALIZED_AUTOS = YES_AGGRESSIVE;
				GCC_WARN_UNUSED_FUNCTION = YES;
				GCC_WARN_UNUSED_VARIABLE = YES;
				MACOSX_DEPLOYMENT_TARGET = 10.10;
				MTL_ENABLE_DEBUG_INFO = NO;
				SDKROOT = macosx;
			};
			name = Release;
		};
		F1665A1C1A1E70AF00A1519D /* Debug */ = {
			isa = XCBuildConfiguration;
			buildSettings = {
				ASSETCATALOG_COMPILER_APPICON_NAME = AppIcon;
				CODE_SIGN_ENTITLEMENTS = Mentor/Mentor.entitlements;
				COMBINE_HIDPI_IMAGES = YES;
				INFOPLIST_FILE = Mentor/Info.plist;
				LD_RUNPATH_SEARCH_PATHS = "$(inherited) @executable_path/../Frameworks";
				PRODUCT_NAME = "File Watch";
			};
			name = Debug;
		};
		F1665A1D1A1E70AF00A1519D /* Release */ = {
			isa = XCBuildConfiguration;
			buildSettings = {
				ASSETCATALOG_COMPILER_APPICON_NAME = AppIcon;
				CODE_SIGN_ENTITLEMENTS = Mentor/Mentor.entitlements;
				COMBINE_HIDPI_IMAGES = YES;
				INFOPLIST_FILE = Mentor/Info.plist;
				LD_RUNPATH_SEARCH_PATHS = "$(inherited) @executable_path/../Frameworks";
				PRODUCT_NAME = "File Watch";
			};
			name = Release;
		};
		F1665A1F1A1E70AF00A1519D /* Debug */ = {
			isa = XCBuildConfiguration;
			buildSettings = {
				BUNDLE_LOADER = "$(TEST_HOST)";
				COMBINE_HIDPI_IMAGES = YES;
				FRAMEWORK_SEARCH_PATHS = (
					"$(DEVELOPER_FRAMEWORKS_DIR)",
					"$(inherited)",
				);
				GCC_PREPROCESSOR_DEFINITIONS = (
					"DEBUG=1",
					"$(inherited)",
				);
				INFOPLIST_FILE = MentorTests/Info.plist;
				LD_RUNPATH_SEARCH_PATHS = "$(inherited) @executable_path/../Frameworks @loader_path/../Frameworks";
				PRODUCT_NAME = "$(TARGET_NAME)";
				TEST_HOST = "$(BUILT_PRODUCTS_DIR)/Mentor.app/Contents/MacOS/Mentor";
			};
			name = Debug;
		};
		F1665A201A1E70AF00A1519D /* Release */ = {
			isa = XCBuildConfiguration;
			buildSettings = {
				BUNDLE_LOADER = "$(TEST_HOST)";
				COMBINE_HIDPI_IMAGES = YES;
				FRAMEWORK_SEARCH_PATHS = (
					"$(DEVELOPER_FRAMEWORKS_DIR)",
					"$(inherited)",
				);
				INFOPLIST_FILE = MentorTests/Info.plist;
				LD_RUNPATH_SEARCH_PATHS = "$(inherited) @executable_path/../Frameworks @loader_path/../Frameworks";
				PRODUCT_NAME = "$(TARGET_NAME)";
				TEST_HOST = "$(BUILT_PRODUCTS_DIR)/Mentor.app/Contents/MacOS/Mentor";
			};
			name = Release;
		};
/* End XCBuildConfiguration section */

/* Begin XCConfigurationList section */
		F16659F61A1E70AF00A1519D /* Build configuration list for PBXProject "Mentor" */ = {
			isa = XCConfigurationList;
			buildConfigurations = (
				F1665A191A1E70AF00A1519D /* Debug */,
				F1665A1A1A1E70AF00A1519D /* Release */,
			);
			defaultConfigurationIsVisible = 0;
			defaultConfigurationName = Release;
		};
		F1665A1B1A1E70AF00A1519D /* Build configuration list for PBXNativeTarget "Mentor" */ = {
			isa = XCConfigurationList;
			buildConfigurations = (
				F1665A1C1A1E70AF00A1519D /* Debug */,
				F1665A1D1A1E70AF00A1519D /* Release */,
			);
			defaultConfigurationIsVisible = 0;
			defaultConfigurationName = Release;
		};
		F1665A1E1A1E70AF00A1519D /* Build configuration list for PBXNativeTarget "MentorTests" */ = {
			isa = XCConfigurationList;
			buildConfigurations = (
				F1665A1F1A1E70AF00A1519D /* Debug */,
				F1665A201A1E70AF00A1519D /* Release */,
			);
			defaultConfigurationIsVisible = 0;
			defaultConfigurationName = Release;
		};
/* End XCConfigurationList section */
	};
	rootObject = F16659F31A1E70AF00A1519D /* Project object */;
}
