// !$*UTF8*$!
{
	archiveVersion = 1;
	classes = {
	};
	objectVersion = 46;
	objects = {

/* Begin PBXBuildFile section */
		F11449211A2D47F900A57DEF /* SDWMainPanelVC.m in Sources */ = {isa = PBXBuildFile; fileRef = F19B85EA1A2D449D00072EC2 /* SDWMainPanelVC.m */; };
		F11449221A2D47F900A57DEF /* AppDelegate.m in Sources */ = {isa = PBXBuildFile; fileRef = F19B85E11A2D449D00072EC2 /* AppDelegate.m */; };
		F11449231A2D47F900A57DEF /* NSColor+Util.m in Sources */ = {isa = PBXBuildFile; fileRef = F19B85F01A2D449D00072EC2 /* NSColor+Util.m */; };
		F11449241A2D47F900A57DEF /* NSImage+HHTint.m in Sources */ = {isa = PBXBuildFile; fileRef = F19B85F21A2D449D00072EC2 /* NSImage+HHTint.m */; };
		F11449251A2D47F900A57DEF /* main.m in Sources */ = {isa = PBXBuildFile; fileRef = F19B85ED1A2D449D00072EC2 /* main.m */; };
		F11449261A2D47F900A57DEF /* SDWMatch.m in Sources */ = {isa = PBXBuildFile; fileRef = F19B85E81A2D449D00072EC2 /* SDWMatch.m */; };
		F11449291A2D47F900A57DEF /* Info.plist in Resources */ = {isa = PBXBuildFile; fileRef = F19B85EC1A2D449D00072EC2 /* Info.plist */; };
		F114492A1A2D47F900A57DEF /* Images.xcassets in Resources */ = {isa = PBXBuildFile; fileRef = F19B85EB1A2D449D00072EC2 /* Images.xcassets */; };
		F114492B1A2D47F900A57DEF /* FileWatch.entitlements in Resources */ = {isa = PBXBuildFile; fileRef = F19B85DE1A2D447200072EC2 /* FileWatch.entitlements */; };
		F114492C1A2D47F900A57DEF /* Main.storyboard in Resources */ = {isa = PBXBuildFile; fileRef = F19B85FC1A2D45C600072EC2 /* Main.storyboard */; };
		F11449341A2E167C00A57DEF /* SDWLeftMenuVC.m in Sources */ = {isa = PBXBuildFile; fileRef = F11449331A2E167C00A57DEF /* SDWLeftMenuVC.m */; };
		F11449371A2E397100A57DEF /* SDWRecipe.m in Sources */ = {isa = PBXBuildFile; fileRef = F11449361A2E397100A57DEF /* SDWRecipe.m */; };
		F114493A1A2E3A2A00A57DEF /* SDWRecipeCategory.m in Sources */ = {isa = PBXBuildFile; fileRef = F11449391A2E3A2A00A57DEF /* SDWRecipeCategory.m */; };
/* End PBXBuildFile section */

/* Begin PBXFileReference section */
		F11449301A2D47F900A57DEF /* Filewatch.app */ = {isa = PBXFileReference; explicitFileType = wrapper.application; includeInIndex = 0; path = Filewatch.app; sourceTree = BUILT_PRODUCTS_DIR; };
		F11449321A2E167C00A57DEF /* SDWLeftMenuVC.h */ = {isa = PBXFileReference; fileEncoding = 4; lastKnownFileType = sourcecode.c.h; path = SDWLeftMenuVC.h; sourceTree = "<group>"; };
		F11449331A2E167C00A57DEF /* SDWLeftMenuVC.m */ = {isa = PBXFileReference; fileEncoding = 4; lastKnownFileType = sourcecode.c.objc; path = SDWLeftMenuVC.m; sourceTree = "<group>"; };
		F11449351A2E397100A57DEF /* SDWRecipe.h */ = {isa = PBXFileReference; fileEncoding = 4; lastKnownFileType = sourcecode.c.h; path = SDWRecipe.h; sourceTree = "<group>"; };
		F11449361A2E397100A57DEF /* SDWRecipe.m */ = {isa = PBXFileReference; fileEncoding = 4; lastKnownFileType = sourcecode.c.objc; path = SDWRecipe.m; sourceTree = "<group>"; };
		F11449381A2E3A2A00A57DEF /* SDWRecipeCategory.h */ = {isa = PBXFileReference; fileEncoding = 4; lastKnownFileType = sourcecode.c.h; path = SDWRecipeCategory.h; sourceTree = "<group>"; };
		F11449391A2E3A2A00A57DEF /* SDWRecipeCategory.m */ = {isa = PBXFileReference; fileEncoding = 4; lastKnownFileType = sourcecode.c.objc; path = SDWRecipeCategory.m; sourceTree = "<group>"; };
		F19B85DE1A2D447200072EC2 /* FileWatch.entitlements */ = {isa = PBXFileReference; fileEncoding = 4; lastKnownFileType = text.xml; name = FileWatch.entitlements; path = FileWatch/FileWatch.entitlements; sourceTree = SOURCE_ROOT; };
		F19B85E01A2D449D00072EC2 /* AppDelegate.h */ = {isa = PBXFileReference; fileEncoding = 4; lastKnownFileType = sourcecode.c.h; name = AppDelegate.h; path = FileWatch/AppDelegate.h; sourceTree = SOURCE_ROOT; };
		F19B85E11A2D449D00072EC2 /* AppDelegate.m */ = {isa = PBXFileReference; fileEncoding = 4; lastKnownFileType = sourcecode.c.objc; name = AppDelegate.m; path = FileWatch/AppDelegate.m; sourceTree = SOURCE_ROOT; };
		F19B85E71A2D449D00072EC2 /* SDWMatch.h */ = {isa = PBXFileReference; fileEncoding = 4; lastKnownFileType = sourcecode.c.h; path = SDWMatch.h; sourceTree = "<group>"; };
		F19B85E81A2D449D00072EC2 /* SDWMatch.m */ = {isa = PBXFileReference; fileEncoding = 4; lastKnownFileType = sourcecode.c.objc; path = SDWMatch.m; sourceTree = "<group>"; };
		F19B85E91A2D449D00072EC2 /* SDWMainPanelVC.h */ = {isa = PBXFileReference; fileEncoding = 4; lastKnownFileType = sourcecode.c.h; path = SDWMainPanelVC.h; sourceTree = "<group>"; };
		F19B85EA1A2D449D00072EC2 /* SDWMainPanelVC.m */ = {isa = PBXFileReference; fileEncoding = 4; lastKnownFileType = sourcecode.c.objc; path = SDWMainPanelVC.m; sourceTree = "<group>"; };
		F19B85EB1A2D449D00072EC2 /* Images.xcassets */ = {isa = PBXFileReference; lastKnownFileType = folder.assetcatalog; name = Images.xcassets; path = FileWatch/Images.xcassets; sourceTree = SOURCE_ROOT; };
		F19B85EC1A2D449D00072EC2 /* Info.plist */ = {isa = PBXFileReference; fileEncoding = 4; lastKnownFileType = text.plist.xml; name = Info.plist; path = FileWatch/Info.plist; sourceTree = SOURCE_ROOT; };
		F19B85ED1A2D449D00072EC2 /* main.m */ = {isa = PBXFileReference; fileEncoding = 4; lastKnownFileType = sourcecode.c.objc; name = main.m; path = FileWatch/main.m; sourceTree = SOURCE_ROOT; };
		F19B85EF1A2D449D00072EC2 /* NSColor+Util.h */ = {isa = PBXFileReference; fileEncoding = 4; lastKnownFileType = sourcecode.c.h; path = "NSColor+Util.h"; sourceTree = "<group>"; };
		F19B85F01A2D449D00072EC2 /* NSColor+Util.m */ = {isa = PBXFileReference; fileEncoding = 4; lastKnownFileType = sourcecode.c.objc; path = "NSColor+Util.m"; sourceTree = "<group>"; };
		F19B85F11A2D449D00072EC2 /* NSImage+HHTint.h */ = {isa = PBXFileReference; fileEncoding = 4; lastKnownFileType = sourcecode.c.h; path = "NSImage+HHTint.h"; sourceTree = "<group>"; };
		F19B85F21A2D449D00072EC2 /* NSImage+HHTint.m */ = {isa = PBXFileReference; fileEncoding = 4; lastKnownFileType = sourcecode.c.objc; path = "NSImage+HHTint.m"; sourceTree = "<group>"; };
		F19B85FC1A2D45C600072EC2 /* Main.storyboard */ = {isa = PBXFileReference; fileEncoding = 4; lastKnownFileType = file.storyboard; name = Main.storyboard; path = FileWatch/Main.storyboard; sourceTree = SOURCE_ROOT; };
/* End PBXFileReference section */

/* Begin PBXFrameworksBuildPhase section */
		F11449271A2D47F900A57DEF /* Frameworks */ = {
			isa = PBXFrameworksBuildPhase;
			buildActionMask = 2147483647;
			files = (
			);
			runOnlyForDeploymentPostprocessing = 0;
		};
/* End PBXFrameworksBuildPhase section */

/* Begin PBXGroup section */
		F16659F21A1E70AF00A1519D = {
			isa = PBXGroup;
			children = (
				F16659FD1A1E70AF00A1519D /* FileWatch */,
				F16659FC1A1E70AF00A1519D /* Products */,
			);
			sourceTree = "<group>";
		};
		F16659FC1A1E70AF00A1519D /* Products */ = {
			isa = PBXGroup;
			children = (
				F11449301A2D47F900A57DEF /* Filewatch.app */,
			);
			name = Products;
			sourceTree = "<group>";
		};
		F16659FD1A1E70AF00A1519D /* FileWatch */ = {
			isa = PBXGroup;
			children = (
				F19B85E01A2D449D00072EC2 /* AppDelegate.h */,
				F19B85E11A2D449D00072EC2 /* AppDelegate.m */,
				F19B85FC1A2D45C600072EC2 /* Main.storyboard */,
				F19B85E21A2D449D00072EC2 /* Base.lproj */,
				F19B85E51A2D449D00072EC2 /* Classes */,
				F19B85EB1A2D449D00072EC2 /* Images.xcassets */,
				F19B85EC1A2D449D00072EC2 /* Info.plist */,
				F19B85ED1A2D449D00072EC2 /* main.m */,
				F19B85EE1A2D449D00072EC2 /* Utils */,
				F19B85DE1A2D447200072EC2 /* FileWatch.entitlements */,
			);
			name = FileWatch;
			path = Mentor;
			sourceTree = "<group>";
		};
		F19B85E21A2D449D00072EC2 /* Base.lproj */ = {
			isa = PBXGroup;
			children = (
			);
			name = Base.lproj;
			path = FileWatch/Base.lproj;
			sourceTree = SOURCE_ROOT;
		};
		F19B85E51A2D449D00072EC2 /* Classes */ = {
			isa = PBXGroup;
			children = (
				F19B85E61A2D449D00072EC2 /* Models */,
				F19B85E91A2D449D00072EC2 /* SDWMainPanelVC.h */,
				F19B85EA1A2D449D00072EC2 /* SDWMainPanelVC.m */,
				F11449321A2E167C00A57DEF /* SDWLeftMenuVC.h */,
				F11449331A2E167C00A57DEF /* SDWLeftMenuVC.m */,
			);
			name = Classes;
			path = FileWatch/Classes;
			sourceTree = SOURCE_ROOT;
		};
		F19B85E61A2D449D00072EC2 /* Models */ = {
			isa = PBXGroup;
			children = (
				F11449381A2E3A2A00A57DEF /* SDWRecipeCategory.h */,
				F11449391A2E3A2A00A57DEF /* SDWRecipeCategory.m */,
				F11449351A2E397100A57DEF /* SDWRecipe.h */,
				F11449361A2E397100A57DEF /* SDWRecipe.m */,
				F19B85E71A2D449D00072EC2 /* SDWMatch.h */,
				F19B85E81A2D449D00072EC2 /* SDWMatch.m */,
			);
			path = Models;
			sourceTree = "<group>";
		};
		F19B85EE1A2D449D00072EC2 /* Utils */ = {
			isa = PBXGroup;
			children = (
				F19B85EF1A2D449D00072EC2 /* NSColor+Util.h */,
				F19B85F01A2D449D00072EC2 /* NSColor+Util.m */,
				F19B85F11A2D449D00072EC2 /* NSImage+HHTint.h */,
				F19B85F21A2D449D00072EC2 /* NSImage+HHTint.m */,
			);
			name = Utils;
			path = FileWatch/Utils;
			sourceTree = SOURCE_ROOT;
		};
/* End PBXGroup section */

/* Begin PBXNativeTarget section */
		F114491F1A2D47F900A57DEF /* Filewatch */ = {
			isa = PBXNativeTarget;
			buildConfigurationList = F114492D1A2D47F900A57DEF /* Build configuration list for PBXNativeTarget "Filewatch" */;
			buildPhases = (
				F11449201A2D47F900A57DEF /* Sources */,
				F11449271A2D47F900A57DEF /* Frameworks */,
				F11449281A2D47F900A57DEF /* Resources */,
			);
			buildRules = (
			);
			dependencies = (
			);
			name = Filewatch;
			productName = Mentor;
			productReference = F11449301A2D47F900A57DEF /* Filewatch.app */;
			productType = "com.apple.product-type.application";
		};
/* End PBXNativeTarget section */

/* Begin PBXProject section */
		F16659F31A1E70AF00A1519D /* Project object */ = {
			isa = PBXProject;
			attributes = {
				LastUpgradeCheck = 0610;
				ORGANIZATIONNAME = SDWR;
			};
			buildConfigurationList = F16659F61A1E70AF00A1519D /* Build configuration list for PBXProject "Filewatch" */;
			compatibilityVersion = "Xcode 3.2";
			developmentRegion = English;
			hasScannedForEncodings = 0;
			knownRegions = (
				en,
				Base,
			);
			mainGroup = F16659F21A1E70AF00A1519D;
			productRefGroup = F16659FC1A1E70AF00A1519D /* Products */;
			projectDirPath = "";
			projectRoot = "";
			targets = (
				F114491F1A2D47F900A57DEF /* Filewatch */,
			);
		};
/* End PBXProject section */

/* Begin PBXResourcesBuildPhase section */
		F11449281A2D47F900A57DEF /* Resources */ = {
			isa = PBXResourcesBuildPhase;
			buildActionMask = 2147483647;
			files = (
				F11449291A2D47F900A57DEF /* Info.plist in Resources */,
				F114492A1A2D47F900A57DEF /* Images.xcassets in Resources */,
				F114492B1A2D47F900A57DEF /* FileWatch.entitlements in Resources */,
				F114492C1A2D47F900A57DEF /* Main.storyboard in Resources */,
			);
			runOnlyForDeploymentPostprocessing = 0;
		};
/* End PBXResourcesBuildPhase section */

/* Begin PBXSourcesBuildPhase section */
		F11449201A2D47F900A57DEF /* Sources */ = {
			isa = PBXSourcesBuildPhase;
			buildActionMask = 2147483647;
			files = (
				F11449211A2D47F900A57DEF /* SDWMainPanelVC.m in Sources */,
				F11449221A2D47F900A57DEF /* AppDelegate.m in Sources */,
				F11449231A2D47F900A57DEF /* NSColor+Util.m in Sources */,
				F11449341A2E167C00A57DEF /* SDWLeftMenuVC.m in Sources */,
				F114493A1A2E3A2A00A57DEF /* SDWRecipeCategory.m in Sources */,
				F11449371A2E397100A57DEF /* SDWRecipe.m in Sources */,
				F11449241A2D47F900A57DEF /* NSImage+HHTint.m in Sources */,
				F11449251A2D47F900A57DEF /* main.m in Sources */,
				F11449261A2D47F900A57DEF /* SDWMatch.m in Sources */,
			);
			runOnlyForDeploymentPostprocessing = 0;
		};
/* End PBXSourcesBuildPhase section */

/* Begin XCBuildConfiguration section */
		F114492E1A2D47F900A57DEF /* Debug */ = {
			isa = XCBuildConfiguration;
			buildSettings = {
				ASSETCATALOG_COMPILER_APPICON_NAME = AppIcon;
				CODE_SIGN_ENTITLEMENTS = FileWatch/FileWatch.entitlements;
				COMBINE_HIDPI_IMAGES = YES;
				INFOPLIST_FILE = "$(SRCROOT)/FileWatch/Info.plist";
				LD_RUNPATH_SEARCH_PATHS = "$(inherited) @executable_path/../Frameworks";
				PRODUCT_NAME = Filewatch;
			};
			name = Debug;
		};
		F114492F1A2D47F900A57DEF /* Release */ = {
			isa = XCBuildConfiguration;
			buildSettings = {
				ASSETCATALOG_COMPILER_APPICON_NAME = AppIcon;
				CODE_SIGN_ENTITLEMENTS = FileWatch/FileWatch.entitlements;
				COMBINE_HIDPI_IMAGES = YES;
				INFOPLIST_FILE = "$(SRCROOT)/FileWatch/Info.plist";
				LD_RUNPATH_SEARCH_PATHS = "$(inherited) @executable_path/../Frameworks";
				PRODUCT_NAME = Filewatch;
			};
			name = Release;
		};
		F1665A191A1E70AF00A1519D /* Debug */ = {
			isa = XCBuildConfiguration;
			buildSettings = {
				ALWAYS_SEARCH_USER_PATHS = NO;
				CLANG_CXX_LANGUAGE_STANDARD = "gnu++0x";
				CLANG_CXX_LIBRARY = "libc++";
				CLANG_ENABLE_MODULES = YES;
				CLANG_ENABLE_OBJC_ARC = YES;
				CLANG_WARN_BOOL_CONVERSION = YES;
				CLANG_WARN_CONSTANT_CONVERSION = YES;
				CLANG_WARN_DIRECT_OBJC_ISA_USAGE = YES_ERROR;
				CLANG_WARN_EMPTY_BODY = YES;
				CLANG_WARN_ENUM_CONVERSION = YES;
				CLANG_WARN_INT_CONVERSION = YES;
				CLANG_WARN_OBJC_ROOT_CLASS = YES_ERROR;
				CLANG_WARN_UNREACHABLE_CODE = YES;
				CLANG_WARN__DUPLICATE_METHOD_MATCH = YES;
				CODE_SIGN_IDENTITY = "-";
				COPY_PHASE_STRIP = NO;
				ENABLE_STRICT_OBJC_MSGSEND = YES;
				GCC_C_LANGUAGE_STANDARD = gnu99;
				GCC_DYNAMIC_NO_PIC = NO;
				GCC_OPTIMIZATION_LEVEL = 0;
				GCC_PREPROCESSOR_DEFINITIONS = (
					"DEBUG=1",
					"$(inherited)",
				);
				GCC_SYMBOLS_PRIVATE_EXTERN = NO;
				GCC_WARN_64_TO_32_BIT_CONVERSION = YES;
				GCC_WARN_ABOUT_RETURN_TYPE = YES_ERROR;
				GCC_WARN_UNDECLARED_SELECTOR = YES;
				GCC_WARN_UNINITIALIZED_AUTOS = YES_AGGRESSIVE;
				GCC_WARN_UNUSED_FUNCTION = YES;
				GCC_WARN_UNUSED_VARIABLE = YES;
				MACOSX_DEPLOYMENT_TARGET = 10.10;
				MTL_ENABLE_DEBUG_INFO = YES;
				ONLY_ACTIVE_ARCH = YES;
				SDKROOT = macosx;
			};
			name = Debug;
		};
		F1665A1A1A1E70AF00A1519D /* Release */ = {
			isa = XCBuildConfiguration;
			buildSettings = {
				ALWAYS_SEARCH_USER_PATHS = NO;
				CLANG_CXX_LANGUAGE_STANDARD = "gnu++0x";
				CLANG_CXX_LIBRARY = "libc++";
				CLANG_ENABLE_MODULES = YES;
				CLANG_ENABLE_OBJC_ARC = YES;
				CLANG_WARN_BOOL_CONVERSION = YES;
				CLANG_WARN_CONSTANT_CONVERSION = YES;
				CLANG_WARN_DIRECT_OBJC_ISA_USAGE = YES_ERROR;
				CLANG_WARN_EMPTY_BODY = YES;
				CLANG_WARN_ENUM_CONVERSION = YES;
				CLANG_WARN_INT_CONVERSION = YES;
				CLANG_WARN_OBJC_ROOT_CLASS = YES_ERROR;
				CLANG_WARN_UNREACHABLE_CODE = YES;
				CLANG_WARN__DUPLICATE_METHOD_MATCH = YES;
				CODE_SIGN_IDENTITY = "-";
				COPY_PHASE_STRIP = YES;
				DEBUG_INFORMATION_FORMAT = "dwarf-with-dsym";
				ENABLE_NS_ASSERTIONS = NO;
				ENABLE_STRICT_OBJC_MSGSEND = YES;
				GCC_C_LANGUAGE_STANDARD = gnu99;
				GCC_WARN_64_TO_32_BIT_CONVERSION = YES;
				GCC_WARN_ABOUT_RETURN_TYPE = YES_ERROR;
				GCC_WARN_UNDECLARED_SELECTOR = YES;
				GCC_WARN_UNINITIALIZED_AUTOS = YES_AGGRESSIVE;
				GCC_WARN_UNUSED_FUNCTION = YES;
				GCC_WARN_UNUSED_VARIABLE = YES;
				MACOSX_DEPLOYMENT_TARGET = 10.10;
				MTL_ENABLE_DEBUG_INFO = NO;
				SDKROOT = macosx;
			};
			name = Release;
		};
/* End XCBuildConfiguration section */

/* Begin XCConfigurationList section */
		F114492D1A2D47F900A57DEF /* Build configuration list for PBXNativeTarget "Filewatch" */ = {
			isa = XCConfigurationList;
			buildConfigurations = (
				F114492E1A2D47F900A57DEF /* Debug */,
				F114492F1A2D47F900A57DEF /* Release */,
			);
			defaultConfigurationIsVisible = 0;
			defaultConfigurationName = Release;
		};
		F16659F61A1E70AF00A1519D /* Build configuration list for PBXProject "Filewatch" */ = {
			isa = XCConfigurationList;
			buildConfigurations = (
				F1665A191A1E70AF00A1519D /* Debug */,
				F1665A1A1A1E70AF00A1519D /* Release */,
			);
			defaultConfigurationIsVisible = 0;
			defaultConfigurationName = Release;
		};
/* End XCConfigurationList section */
	};
	rootObject = F16659F31A1E70AF00A1519D /* Project object */;
}
